
Microsoft Visual Studio Solution File, Format Version 12.00
# Visual Studio 2013
VisualStudioVersion = 12.0.30501.0
MinimumVisualStudioVersion = 10.0.40219.1
Project("{FAE04EC0-301F-11D3-BF4B-00C04F79EFBC}") = "CamlJs.TestApp", "CamlJs.TestApp\CamlJs.TestApp.csproj", "{49F4736D-F3B5-4A58-98D9-CF9CA9181C11}"
EndProject
Project("{FAE04EC0-301F-11D3-BF4B-00C04F79EFBC}") = "CamlJs", "CamlJs\CamlJs.csproj", "{F83F3828-26C1-4139-89E6-D45FF3C3FDD6}"
EndProject
Global
	GlobalSection(SolutionConfigurationPlatforms) = preSolution
		Debug|Any CPU = Debug|Any CPU
		Release|Any CPU = Release|Any CPU
	EndGlobalSection
	GlobalSection(ProjectConfigurationPlatforms) = postSolution
		{49F4736D-F3B5-4A58-98D9-CF9CA9181C11}.Debug|Any CPU.ActiveCfg = Debug|Any CPU
		{49F4736D-F3B5-4A58-98D9-CF9CA9181C11}.Debug|Any CPU.Build.0 = Debug|Any CPU
		{49F4736D-F3B5-4A58-98D9-CF9CA9181C11}.Debug|Any CPU.Deploy.0 = Debug|Any CPU
		{49F4736D-F3B5-4A58-98D9-CF9CA9181C11}.Release|Any CPU.ActiveCfg = Release|Any CPU
		{49F4736D-F3B5-4A58-98D9-CF9CA9181C11}.Release|Any CPU.Build.0 = Release|Any CPU
		{49F4736D-F3B5-4A58-98D9-CF9CA9181C11}.Release|Any CPU.Deploy.0 = Release|Any CPU
		{F83F3828-26C1-4139-89E6-D45FF3C3FDD6}.Debug|Any CPU.ActiveCfg = Debug|Any CPU
		{F83F3828-26C1-4139-89E6-D45FF3C3FDD6}.Debug|Any CPU.Build.0 = Debug|Any CPU
		{F83F3828-26C1-4139-89E6-D45FF3C3FDD6}.Release|Any CPU.ActiveCfg = Release|Any CPU
		{F83F3828-26C1-4139-89E6-D45FF3C3FDD6}.Release|Any CPU.Build.0 = Release|Any CPU
	EndGlobalSection
	GlobalSection(SolutionProperties) = preSolution
		HideSolutionNode = FALSE
	EndGlobalSection
EndGlobal
